{
  "name": "herware-project",
  "version": "1.0.0",
  "lockfileVersion": 2,
  "requires": true,
  "packages": {
    "": {
      "version": "1.0.0",
      "resolved": "https://registry.npmjs.org/herware-project/-/herware-project-1.0.0.tgz",
      "integrity": "<integrity hash>",
      "dev": true
    },
    "dependencies": {
      "axios": {
        "version": "0.21.1",
        "resolved": "https://registry.npmjs.org/axios/-/axios-0.21.1.tgz",
        "integrity": "<integrity hash>",
        "dev": true,
        "requires": {
          "follow-redirects": "^1.14.0"
        }
      },
      "react": {
        "version": "17.0.2",
        "resolved": "https://registry.npmjs.org/react/-/react-17.0.2.tgz",
        "integrity": "<integrity hash>",
        "dev": true,
        "requires": {
          "loose-envify": "^1.4.0",
          "object-assign": "^4.1.1"
        }
      },
      "react-dom": {
        "version": "17.0.2",
        "resolved": "https://registry.npmjs.org/react-dom/-/react-dom-17.0.2.tgz",
        "integrity": "<integrity hash>",
        "dev": true,
        "requires": {
          "loose-envify": "^1.4.0",
          "object-assign": "^4.1.1"
        }
      },
      "react-scripts": {
        "version": "4.0.3",
        "resolved": "https://registry.npmjs.org/react-scripts/-/react-scripts-4.0.3.tgz",
        "integrity": "<integrity hash>",
        "dev": true,
        "requires": {
          "autoprefixer": "^10.2.5",
          "browserslist": "4.16.6",
          "chalk": "^4.0.0",
          "cross-env": "^7.0.3",
          "eslint": "^7.14.0",
          "jest": "^26.6.3",
          "postcss": "^8.2.15",
          "resolve": "^1.18.1",
          "stylelint": "^13.13.1",
          "tailwindcss": "^2.2.19"
        }
      }
    }
  }
}
